
Microsoft Visual Studio Solution File, Format Version 12.00
# Visual Studio 2013
VisualStudioVersion = 12.0.30723.0
MinimumVisualStudioVersion = 10.0.40219.1
Project("{FAE04EC0-301F-11D3-BF4B-00C04F79EFBC}") = "Uninf.Bus", "Uninf.Bus\Uninf.Bus.csproj", "{4DCEFC2E-FEC1-406A-8AE5-CDD6FBC0B503}"
EndProject
Project("{2150E333-8FDC-42A3-9474-1A3956D46DE8}") = "总线", "总线", "{F592C41D-77FA-4526-B83C-0E7C5F92D168}"
EndProject
Project("{FAE04EC0-301F-11D3-BF4B-00C04F79EFBC}") = "Uninf.Bus.Test", "Uninf.Bus.Test\Uninf.Bus.Test.csproj", "{899609E9-1D77-431B-8B22-DAA710C6E41F}"
EndProject
Project("{2150E333-8FDC-42A3-9474-1A3956D46DE8}") = "模型", "模型", "{414D6AB1-07FE-4173-88EF-946110E14B95}"
EndProject
Project("{FAE04EC0-301F-11D3-BF4B-00C04F79EFBC}") = "Uninf.Model", "Uninf.Model\Uninf.Model.csproj", "{BECF4244-36E6-414F-BEDB-1A8F53CD54CB}"
EndProject
Project("{2150E333-8FDC-42A3-9474-1A3956D46DE8}") = "数据", "数据", "{BA9EB8C2-8C70-4987-B240-B7BD2713635E}"
EndProject
Project("{FAE04EC0-301F-11D3-BF4B-00C04F79EFBC}") = "Uninf.Data", "Uninf.Data\Uninf.Data.csproj", "{5FFD796B-F950-43B1-82F9-36FE15CFDEBF}"
EndProject
Project("{FAE04EC0-301F-11D3-BF4B-00C04F79EFBC}") = "Uninf.Data.EntityFramework", "Uninf.Data.EntityFramework\Uninf.Data.EntityFramework.csproj", "{D6A905B0-AEE8-4C1E-AF09-2DC60F2B087D}"
EndProject
Project("{2150E333-8FDC-42A3-9474-1A3956D46DE8}") = "缓存", "缓存", "{AD931317-4039-4C36-922A-78D450AA0B89}"
EndProject
Project("{FAE04EC0-301F-11D3-BF4B-00C04F79EFBC}") = "Uninf.Cache", "Uninf.Cache\Uninf.Cache.csproj", "{66CCA116-9B77-4130-A3BD-4530F9943E54}"
EndProject
Project("{FAE04EC0-301F-11D3-BF4B-00C04F79EFBC}") = "Uninf.Cache.Redis", "Uninf.Cache.Redis\Uninf.Cache.Redis.csproj", "{DEC89230-C820-4DA1-BCCE-88D2DDB84777}"
EndProject
Project("{2150E333-8FDC-42A3-9474-1A3956D46DE8}") = "测试", "测试", "{1E8A9DB5-FFF8-45BB-A092-2E86F5519B1A}"
EndProject
Project("{FAE04EC0-301F-11D3-BF4B-00C04F79EFBC}") = "Uninf.CacheData", "Uninf.CacheData\Uninf.CacheData.csproj", "{81680C04-BAD3-4832-9F7F-BEEB17E59110}"
EndProject
Project("{FAE04EC0-301F-11D3-BF4B-00C04F79EFBC}") = "Uninf.Bus.RabbitMq", "Uninf.Bus.RabbitMq\Uninf.Bus.RabbitMq.csproj", "{969A4FD0-83EF-4A91-BD31-93B5FCBED929}"
EndProject
Project("{FAE04EC0-301F-11D3-BF4B-00C04F79EFBC}") = "Uninf.Bus.THZ", "Uninf.Bus.THZ\Uninf.Bus.THZ.csproj", "{ED3E6623-731A-4F5B-A0DD-221A29764CF9}"
EndProject
Project("{2150E333-8FDC-42A3-9474-1A3956D46DE8}") = "配置", "配置", "{2CAE29E0-D7B9-425B-89B4-F993436B7578}"
EndProject
Project("{2150E333-8FDC-42A3-9474-1A3956D46DE8}") = "身份认证", "身份认证", "{B4D1E610-AC61-45DD-841D-F78A07D5166B}"
EndProject
Project("{FAE04EC0-301F-11D3-BF4B-00C04F79EFBC}") = "Uninf.Config", "Uninf.Config\Uninf.Config.csproj", "{F03975FE-6B61-475D-9F48-BA277A327193}"
EndProject
Project("{FAE04EC0-301F-11D3-BF4B-00C04F79EFBC}") = "Uninf.Config.PageTemplate", "Uninf.Config.PageTemplate\Uninf.Config.PageTemplate.csproj", "{A0BC13DC-925D-4808-9C0A-C1FE307EE8B7}"
EndProject
Project("{FAE04EC0-301F-11D3-BF4B-00C04F79EFBC}") = "Uninf.Auth", "Uninf.Auth\Uninf.Auth.csproj", "{F0EF51BA-FC9F-4A81-8B95-94DE7B6A3A22}"
EndProject
Project("{FAE04EC0-301F-11D3-BF4B-00C04F79EFBC}") = "Uninf.Auth.CommonServiceLocator", "Uninf.Auth.ServiceLocator\Uninf.Auth.CommonServiceLocator.csproj", "{C2D43DEB-BAF2-4265-963F-F724C5203403}"
EndProject
Project("{FAE04EC0-301F-11D3-BF4B-00C04F79EFBC}") = "Uninf.Config.Test", "Uninf.Config.Test\Uninf.Config.Test.csproj", "{7B87A89B-5592-453A-84F8-4C5FB4D33A7A}"
EndProject
Project("{FAE04EC0-301F-11D3-BF4B-00C04F79EFBC}") = "Uninf.Auth.Test", "Uninf.Auth.Test\Uninf.Auth.Test.csproj", "{DEFD7BB2-8EB8-44E6-8FC4-843A905F3B04}"
EndProject
Project("{FAE04EC0-301F-11D3-BF4B-00C04F79EFBC}") = "Uninf.Config.Mvc5", "Uninf.Config.Mvc5\Uninf.Config.Mvc5.csproj", "{92ECFC6B-CD6A-441B-812B-36C540431DB5}"
EndProject
Project("{2150E333-8FDC-42A3-9474-1A3956D46DE8}") = "项目模板", "项目模板", "{80F74764-AC13-494A-B61A-95C5A698E3FA}"
EndProject
Project("{FAE04EC0-301F-11D3-BF4B-00C04F79EFBC}") = "THZ.App.Template", "THZ.App.Template\THZ.App.Template.csproj", "{116CEF1E-09A4-4A2A-AC1F-776815920D08}"
EndProject
Project("{2150E333-8FDC-42A3-9474-1A3956D46DE8}") = "上传", "上传", "{B3614DBF-3487-4C17-9765-63CF22B9E87B}"
EndProject
Project("{FAE04EC0-301F-11D3-BF4B-00C04F79EFBC}") = "Uninf.Upload", "Uninf.Upload\Uninf.Upload.csproj", "{4C584C1E-D385-4157-88A0-80EE15873155}"
EndProject
Project("{FAE04EC0-301F-11D3-BF4B-00C04F79EFBC}") = "Uninf.Images", "Uninf.Image\Uninf.Images.csproj", "{3C1A03AA-6657-47F6-9716-A95A6CD080E7}"
EndProject
Project("{FAE04EC0-301F-11D3-BF4B-00C04F79EFBC}") = "Uninf.Model.Automapper", "Uninf.Model.Automapper\Uninf.Model.Automapper.csproj", "{D1C9EF46-690E-4AAF-B1A1-6130ECE55326}"
EndProject
Project("{FAE04EC0-301F-11D3-BF4B-00C04F79EFBC}") = "Uninf.Cache.Test", "Uninf.Cache.Test\Uninf.Cache.Test.csproj", "{6D39AEF4-1CF8-4776-9E7C-541F0234A8F5}"
EndProject
Project("{FAE04EC0-301F-11D3-BF4B-00C04F79EFBC}") = "Uninf.Upload.Test", "Uninf.Upload.Test\Uninf.Upload.Test.csproj", "{C95C6B1F-8999-4C73-8358-DAF6FDB5A2EA}"
EndProject
Project("{FAE04EC0-301F-11D3-BF4B-00C04F79EFBC}") = "Uninf.Data.Mongo", "Uninf.Data.Mongo\Uninf.Data.Mongo.csproj", "{F941EB99-A6B8-4501-BCAA-8A552343B8E3}"
EndProject
Project("{FAE04EC0-301F-11D3-BF4B-00C04F79EFBC}") = "Uninf.Data.Lucene", "Uninf.Data.Lucene\Uninf.Data.Lucene.csproj", "{091BDF50-3C6B-4588-A0F5-37822C9330E3}"
EndProject
Project("{FAE04EC0-301F-11D3-BF4B-00C04F79EFBC}") = "Uninf.Data.Lucene.Test", "Uninf.Data.Lucene.Test\Uninf.Data.Lucene.Test.csproj", "{B9315E8E-E722-41CA-9A6F-1043CC12BA15}"
EndProject
Project("{FAE04EC0-301F-11D3-BF4B-00C04F79EFBC}") = "Uninf.Data.Mongo.Test", "Uninf.Data.Mongo.Test\Uninf.Data.Mongo.Test.csproj", "{1799CB82-CEFF-454C-883B-81BB24F89254}"
EndProject
Project("{2150E333-8FDC-42A3-9474-1A3956D46DE8}") = "日志", "日志", "{20C8FD32-E851-4ECA-9481-44CD46A53A96}"
EndProject
Project("{FAE04EC0-301F-11D3-BF4B-00C04F79EFBC}") = "Uninf.Log", "Uninf.Log\Uninf.Log.csproj", "{07966048-C283-4971-BEFC-131196D8DC28}"
EndProject
Project("{FAE04EC0-301F-11D3-BF4B-00C04F79EFBC}") = "Uninf.Log.Log4Net", "Uninf.Log.Log4Net\Uninf.Log.Log4Net.csproj", "{98285F8D-B85E-4CE9-8698-003B25BC92B2}"
EndProject
Project("{FAE04EC0-301F-11D3-BF4B-00C04F79EFBC}") = "Uninf.Log.Test", "Uninf.Log.Test\Uninf.Log.Test.csproj", "{EDEA5076-10B6-4446-A97C-62E0C9FD6382}"
EndProject
Project("{2150E333-8FDC-42A3-9474-1A3956D46DE8}") = "定时任务", "定时任务", "{BC3D4CB7-0DC3-46DF-9912-872278A6F882}"
EndProject
Project("{FAE04EC0-301F-11D3-BF4B-00C04F79EFBC}") = "Uninf.TimeTask", "Uninf.TimeTask\Uninf.TimeTask.csproj", "{71DBEF38-6A90-4389-8E76-7F6243648D9E}"
EndProject
Project("{FAE04EC0-301F-11D3-BF4B-00C04F79EFBC}") = "Uninf.TimeTask.QuartZ", "Uninf.TimeTask.QuartZ\Uninf.TimeTask.QuartZ.csproj", "{F346C1E0-3527-4D0D-8D88-0CC75174B7A0}"
EndProject
Project("{FAE04EC0-301F-11D3-BF4B-00C04F79EFBC}") = "Uninf.TimeTask.Test", "Uninf.TimeTask.Test\Uninf.TimeTask.Test.csproj", "{8E4D16E1-6AE0-4353-B5BA-76CEC48D5356}"
EndProject
Project("{FAE04EC0-301F-11D3-BF4B-00C04F79EFBC}") = "Uninf.Log.NLog", "Uninf.Log.NLog\Uninf.Log.NLog.csproj", "{3A4B356B-719A-4DD0-B63A-3446C99610E3}"
EndProject
Global
	GlobalSection(SubversionScc) = preSolution
		Svn-Managed = True
		Manager = AnkhSVN - Subversion Support for Visual Studio
	EndGlobalSection
	GlobalSection(SolutionConfigurationPlatforms) = preSolution
		Debug|Any CPU = Debug|Any CPU
		Release|Any CPU = Release|Any CPU
	EndGlobalSection
	GlobalSection(ProjectConfigurationPlatforms) = postSolution
		{4DCEFC2E-FEC1-406A-8AE5-CDD6FBC0B503}.Debug|Any CPU.ActiveCfg = Debug|Any CPU
		{4DCEFC2E-FEC1-406A-8AE5-CDD6FBC0B503}.Debug|Any CPU.Build.0 = Debug|Any CPU
		{4DCEFC2E-FEC1-406A-8AE5-CDD6FBC0B503}.Release|Any CPU.ActiveCfg = Release|Any CPU
		{4DCEFC2E-FEC1-406A-8AE5-CDD6FBC0B503}.Release|Any CPU.Build.0 = Release|Any CPU
		{899609E9-1D77-431B-8B22-DAA710C6E41F}.Debug|Any CPU.ActiveCfg = Debug|Any CPU
		{899609E9-1D77-431B-8B22-DAA710C6E41F}.Debug|Any CPU.Build.0 = Debug|Any CPU
		{899609E9-1D77-431B-8B22-DAA710C6E41F}.Release|Any CPU.ActiveCfg = Release|Any CPU
		{899609E9-1D77-431B-8B22-DAA710C6E41F}.Release|Any CPU.Build.0 = Release|Any CPU
		{BECF4244-36E6-414F-BEDB-1A8F53CD54CB}.Debug|Any CPU.ActiveCfg = Debug|Any CPU
		{BECF4244-36E6-414F-BEDB-1A8F53CD54CB}.Debug|Any CPU.Build.0 = Debug|Any CPU
		{BECF4244-36E6-414F-BEDB-1A8F53CD54CB}.Release|Any CPU.ActiveCfg = Release|Any CPU
		{BECF4244-36E6-414F-BEDB-1A8F53CD54CB}.Release|Any CPU.Build.0 = Release|Any CPU
		{5FFD796B-F950-43B1-82F9-36FE15CFDEBF}.Debug|Any CPU.ActiveCfg = Debug|Any CPU
		{5FFD796B-F950-43B1-82F9-36FE15CFDEBF}.Debug|Any CPU.Build.0 = Debug|Any CPU
		{5FFD796B-F950-43B1-82F9-36FE15CFDEBF}.Release|Any CPU.ActiveCfg = Release|Any CPU
		{5FFD796B-F950-43B1-82F9-36FE15CFDEBF}.Release|Any CPU.Build.0 = Release|Any CPU
		{D6A905B0-AEE8-4C1E-AF09-2DC60F2B087D}.Debug|Any CPU.ActiveCfg = Debug|Any CPU
		{D6A905B0-AEE8-4C1E-AF09-2DC60F2B087D}.Debug|Any CPU.Build.0 = Debug|Any CPU
		{D6A905B0-AEE8-4C1E-AF09-2DC60F2B087D}.Release|Any CPU.ActiveCfg = Release|Any CPU
		{D6A905B0-AEE8-4C1E-AF09-2DC60F2B087D}.Release|Any CPU.Build.0 = Release|Any CPU
		{66CCA116-9B77-4130-A3BD-4530F9943E54}.Debug|Any CPU.ActiveCfg = Debug|Any CPU
		{66CCA116-9B77-4130-A3BD-4530F9943E54}.Debug|Any CPU.Build.0 = Debug|Any CPU
		{66CCA116-9B77-4130-A3BD-4530F9943E54}.Release|Any CPU.ActiveCfg = Release|Any CPU
		{66CCA116-9B77-4130-A3BD-4530F9943E54}.Release|Any CPU.Build.0 = Release|Any CPU
		{DEC89230-C820-4DA1-BCCE-88D2DDB84777}.Debug|Any CPU.ActiveCfg = Debug|Any CPU
		{DEC89230-C820-4DA1-BCCE-88D2DDB84777}.Debug|Any CPU.Build.0 = Debug|Any CPU
		{DEC89230-C820-4DA1-BCCE-88D2DDB84777}.Release|Any CPU.ActiveCfg = Release|Any CPU
		{DEC89230-C820-4DA1-BCCE-88D2DDB84777}.Release|Any CPU.Build.0 = Release|Any CPU
		{81680C04-BAD3-4832-9F7F-BEEB17E59110}.Debug|Any CPU.ActiveCfg = Debug|Any CPU
		{81680C04-BAD3-4832-9F7F-BEEB17E59110}.Debug|Any CPU.Build.0 = Debug|Any CPU
		{81680C04-BAD3-4832-9F7F-BEEB17E59110}.Release|Any CPU.ActiveCfg = Release|Any CPU
		{81680C04-BAD3-4832-9F7F-BEEB17E59110}.Release|Any CPU.Build.0 = Release|Any CPU
		{969A4FD0-83EF-4A91-BD31-93B5FCBED929}.Debug|Any CPU.ActiveCfg = Debug|Any CPU
		{969A4FD0-83EF-4A91-BD31-93B5FCBED929}.Debug|Any CPU.Build.0 = Debug|Any CPU
		{969A4FD0-83EF-4A91-BD31-93B5FCBED929}.Release|Any CPU.ActiveCfg = Release|Any CPU
		{969A4FD0-83EF-4A91-BD31-93B5FCBED929}.Release|Any CPU.Build.0 = Release|Any CPU
		{ED3E6623-731A-4F5B-A0DD-221A29764CF9}.Debug|Any CPU.ActiveCfg = Debug|Any CPU
		{ED3E6623-731A-4F5B-A0DD-221A29764CF9}.Debug|Any CPU.Build.0 = Debug|Any CPU
		{ED3E6623-731A-4F5B-A0DD-221A29764CF9}.Release|Any CPU.ActiveCfg = Release|Any CPU
		{ED3E6623-731A-4F5B-A0DD-221A29764CF9}.Release|Any CPU.Build.0 = Release|Any CPU
		{F03975FE-6B61-475D-9F48-BA277A327193}.Debug|Any CPU.ActiveCfg = Debug|Any CPU
		{F03975FE-6B61-475D-9F48-BA277A327193}.Debug|Any CPU.Build.0 = Debug|Any CPU
		{F03975FE-6B61-475D-9F48-BA277A327193}.Release|Any CPU.ActiveCfg = Release|Any CPU
		{F03975FE-6B61-475D-9F48-BA277A327193}.Release|Any CPU.Build.0 = Release|Any CPU
		{A0BC13DC-925D-4808-9C0A-C1FE307EE8B7}.Debug|Any CPU.ActiveCfg = Debug|Any CPU
		{A0BC13DC-925D-4808-9C0A-C1FE307EE8B7}.Debug|Any CPU.Build.0 = Debug|Any CPU
		{A0BC13DC-925D-4808-9C0A-C1FE307EE8B7}.Release|Any CPU.ActiveCfg = Release|Any CPU
		{A0BC13DC-925D-4808-9C0A-C1FE307EE8B7}.Release|Any CPU.Build.0 = Release|Any CPU
		{F0EF51BA-FC9F-4A81-8B95-94DE7B6A3A22}.Debug|Any CPU.ActiveCfg = Debug|Any CPU
		{F0EF51BA-FC9F-4A81-8B95-94DE7B6A3A22}.Debug|Any CPU.Build.0 = Debug|Any CPU
		{F0EF51BA-FC9F-4A81-8B95-94DE7B6A3A22}.Release|Any CPU.ActiveCfg = Release|Any CPU
		{F0EF51BA-FC9F-4A81-8B95-94DE7B6A3A22}.Release|Any CPU.Build.0 = Release|Any CPU
		{C2D43DEB-BAF2-4265-963F-F724C5203403}.Debug|Any CPU.ActiveCfg = Debug|Any CPU
		{C2D43DEB-BAF2-4265-963F-F724C5203403}.Debug|Any CPU.Build.0 = Debug|Any CPU
		{C2D43DEB-BAF2-4265-963F-F724C5203403}.Release|Any CPU.ActiveCfg = Release|Any CPU
		{C2D43DEB-BAF2-4265-963F-F724C5203403}.Release|Any CPU.Build.0 = Release|Any CPU
		{7B87A89B-5592-453A-84F8-4C5FB4D33A7A}.Debug|Any CPU.ActiveCfg = Debug|Any CPU
		{7B87A89B-5592-453A-84F8-4C5FB4D33A7A}.Debug|Any CPU.Build.0 = Debug|Any CPU
		{7B87A89B-5592-453A-84F8-4C5FB4D33A7A}.Release|Any CPU.ActiveCfg = Release|Any CPU
		{7B87A89B-5592-453A-84F8-4C5FB4D33A7A}.Release|Any CPU.Build.0 = Release|Any CPU
		{DEFD7BB2-8EB8-44E6-8FC4-843A905F3B04}.Debug|Any CPU.ActiveCfg = Debug|Any CPU
		{DEFD7BB2-8EB8-44E6-8FC4-843A905F3B04}.Debug|Any CPU.Build.0 = Debug|Any CPU
		{DEFD7BB2-8EB8-44E6-8FC4-843A905F3B04}.Release|Any CPU.ActiveCfg = Release|Any CPU
		{DEFD7BB2-8EB8-44E6-8FC4-843A905F3B04}.Release|Any CPU.Build.0 = Release|Any CPU
		{92ECFC6B-CD6A-441B-812B-36C540431DB5}.Debug|Any CPU.ActiveCfg = Debug|Any CPU
		{92ECFC6B-CD6A-441B-812B-36C540431DB5}.Debug|Any CPU.Build.0 = Debug|Any CPU
		{92ECFC6B-CD6A-441B-812B-36C540431DB5}.Release|Any CPU.ActiveCfg = Release|Any CPU
		{92ECFC6B-CD6A-441B-812B-36C540431DB5}.Release|Any CPU.Build.0 = Release|Any CPU
		{116CEF1E-09A4-4A2A-AC1F-776815920D08}.Debug|Any CPU.ActiveCfg = Debug|Any CPU
		{116CEF1E-09A4-4A2A-AC1F-776815920D08}.Debug|Any CPU.Build.0 = Debug|Any CPU
		{116CEF1E-09A4-4A2A-AC1F-776815920D08}.Release|Any CPU.ActiveCfg = Release|Any CPU
		{116CEF1E-09A4-4A2A-AC1F-776815920D08}.Release|Any CPU.Build.0 = Release|Any CPU
		{4C584C1E-D385-4157-88A0-80EE15873155}.Debug|Any CPU.ActiveCfg = Debug|Any CPU
		{4C584C1E-D385-4157-88A0-80EE15873155}.Debug|Any CPU.Build.0 = Debug|Any CPU
		{4C584C1E-D385-4157-88A0-80EE15873155}.Release|Any CPU.ActiveCfg = Release|Any CPU
		{4C584C1E-D385-4157-88A0-80EE15873155}.Release|Any CPU.Build.0 = Release|Any CPU
		{3C1A03AA-6657-47F6-9716-A95A6CD080E7}.Debug|Any CPU.ActiveCfg = Debug|Any CPU
		{3C1A03AA-6657-47F6-9716-A95A6CD080E7}.Debug|Any CPU.Build.0 = Debug|Any CPU
		{3C1A03AA-6657-47F6-9716-A95A6CD080E7}.Release|Any CPU.ActiveCfg = Release|Any CPU
		{3C1A03AA-6657-47F6-9716-A95A6CD080E7}.Release|Any CPU.Build.0 = Release|Any CPU
		{D1C9EF46-690E-4AAF-B1A1-6130ECE55326}.Debug|Any CPU.ActiveCfg = Debug|Any CPU
		{D1C9EF46-690E-4AAF-B1A1-6130ECE55326}.Debug|Any CPU.Build.0 = Debug|Any CPU
		{D1C9EF46-690E-4AAF-B1A1-6130ECE55326}.Release|Any CPU.ActiveCfg = Release|Any CPU
		{D1C9EF46-690E-4AAF-B1A1-6130ECE55326}.Release|Any CPU.Build.0 = Release|Any CPU
		{6D39AEF4-1CF8-4776-9E7C-541F0234A8F5}.Debug|Any CPU.ActiveCfg = Debug|Any CPU
		{6D39AEF4-1CF8-4776-9E7C-541F0234A8F5}.Debug|Any CPU.Build.0 = Debug|Any CPU
		{6D39AEF4-1CF8-4776-9E7C-541F0234A8F5}.Release|Any CPU.ActiveCfg = Release|Any CPU
		{6D39AEF4-1CF8-4776-9E7C-541F0234A8F5}.Release|Any CPU.Build.0 = Release|Any CPU
		{C95C6B1F-8999-4C73-8358-DAF6FDB5A2EA}.Debug|Any CPU.ActiveCfg = Debug|Any CPU
		{C95C6B1F-8999-4C73-8358-DAF6FDB5A2EA}.Debug|Any CPU.Build.0 = Debug|Any CPU
		{C95C6B1F-8999-4C73-8358-DAF6FDB5A2EA}.Release|Any CPU.ActiveCfg = Release|Any CPU
		{C95C6B1F-8999-4C73-8358-DAF6FDB5A2EA}.Release|Any CPU.Build.0 = Release|Any CPU
		{F941EB99-A6B8-4501-BCAA-8A552343B8E3}.Debug|Any CPU.ActiveCfg = Debug|Any CPU
		{F941EB99-A6B8-4501-BCAA-8A552343B8E3}.Debug|Any CPU.Build.0 = Debug|Any CPU
		{F941EB99-A6B8-4501-BCAA-8A552343B8E3}.Release|Any CPU.ActiveCfg = Release|Any CPU
		{F941EB99-A6B8-4501-BCAA-8A552343B8E3}.Release|Any CPU.Build.0 = Release|Any CPU
		{091BDF50-3C6B-4588-A0F5-37822C9330E3}.Debug|Any CPU.ActiveCfg = Debug|Any CPU
		{091BDF50-3C6B-4588-A0F5-37822C9330E3}.Debug|Any CPU.Build.0 = Debug|Any CPU
		{091BDF50-3C6B-4588-A0F5-37822C9330E3}.Release|Any CPU.ActiveCfg = Release|Any CPU
		{091BDF50-3C6B-4588-A0F5-37822C9330E3}.Release|Any CPU.Build.0 = Release|Any CPU
		{B9315E8E-E722-41CA-9A6F-1043CC12BA15}.Debug|Any CPU.ActiveCfg = Debug|Any CPU
		{B9315E8E-E722-41CA-9A6F-1043CC12BA15}.Debug|Any CPU.Build.0 = Debug|Any CPU
		{B9315E8E-E722-41CA-9A6F-1043CC12BA15}.Release|Any CPU.ActiveCfg = Release|Any CPU
		{B9315E8E-E722-41CA-9A6F-1043CC12BA15}.Release|Any CPU.Build.0 = Release|Any CPU
		{1799CB82-CEFF-454C-883B-81BB24F89254}.Debug|Any CPU.ActiveCfg = Debug|Any CPU
		{1799CB82-CEFF-454C-883B-81BB24F89254}.Debug|Any CPU.Build.0 = Debug|Any CPU
		{1799CB82-CEFF-454C-883B-81BB24F89254}.Release|Any CPU.ActiveCfg = Release|Any CPU
		{1799CB82-CEFF-454C-883B-81BB24F89254}.Release|Any CPU.Build.0 = Release|Any CPU
		{07966048-C283-4971-BEFC-131196D8DC28}.Debug|Any CPU.ActiveCfg = Debug|Any CPU
		{07966048-C283-4971-BEFC-131196D8DC28}.Debug|Any CPU.Build.0 = Debug|Any CPU
		{07966048-C283-4971-BEFC-131196D8DC28}.Release|Any CPU.ActiveCfg = Release|Any CPU
		{07966048-C283-4971-BEFC-131196D8DC28}.Release|Any CPU.Build.0 = Release|Any CPU
		{98285F8D-B85E-4CE9-8698-003B25BC92B2}.Debug|Any CPU.ActiveCfg = Debug|Any CPU
		{98285F8D-B85E-4CE9-8698-003B25BC92B2}.Debug|Any CPU.Build.0 = Debug|Any CPU
		{98285F8D-B85E-4CE9-8698-003B25BC92B2}.Release|Any CPU.ActiveCfg = Release|Any CPU
		{98285F8D-B85E-4CE9-8698-003B25BC92B2}.Release|Any CPU.Build.0 = Release|Any CPU
		{EDEA5076-10B6-4446-A97C-62E0C9FD6382}.Debug|Any CPU.ActiveCfg = Debug|Any CPU
		{EDEA5076-10B6-4446-A97C-62E0C9FD6382}.Debug|Any CPU.Build.0 = Debug|Any CPU
		{EDEA5076-10B6-4446-A97C-62E0C9FD6382}.Release|Any CPU.ActiveCfg = Release|Any CPU
		{EDEA5076-10B6-4446-A97C-62E0C9FD6382}.Release|Any CPU.Build.0 = Release|Any CPU
		{71DBEF38-6A90-4389-8E76-7F6243648D9E}.Debug|Any CPU.ActiveCfg = Debug|Any CPU
		{71DBEF38-6A90-4389-8E76-7F6243648D9E}.Debug|Any CPU.Build.0 = Debug|Any CPU
		{71DBEF38-6A90-4389-8E76-7F6243648D9E}.Release|Any CPU.ActiveCfg = Release|Any CPU
		{71DBEF38-6A90-4389-8E76-7F6243648D9E}.Release|Any CPU.Build.0 = Release|Any CPU
		{F346C1E0-3527-4D0D-8D88-0CC75174B7A0}.Debug|Any CPU.ActiveCfg = Debug|Any CPU
		{F346C1E0-3527-4D0D-8D88-0CC75174B7A0}.Debug|Any CPU.Build.0 = Debug|Any CPU
		{F346C1E0-3527-4D0D-8D88-0CC75174B7A0}.Release|Any CPU.ActiveCfg = Release|Any CPU
		{F346C1E0-3527-4D0D-8D88-0CC75174B7A0}.Release|Any CPU.Build.0 = Release|Any CPU
		{8E4D16E1-6AE0-4353-B5BA-76CEC48D5356}.Debug|Any CPU.ActiveCfg = Debug|Any CPU
		{8E4D16E1-6AE0-4353-B5BA-76CEC48D5356}.Debug|Any CPU.Build.0 = Debug|Any CPU
		{8E4D16E1-6AE0-4353-B5BA-76CEC48D5356}.Release|Any CPU.ActiveCfg = Release|Any CPU
		{8E4D16E1-6AE0-4353-B5BA-76CEC48D5356}.Release|Any CPU.Build.0 = Release|Any CPU
		{3A4B356B-719A-4DD0-B63A-3446C99610E3}.Debug|Any CPU.ActiveCfg = Debug|Any CPU
		{3A4B356B-719A-4DD0-B63A-3446C99610E3}.Debug|Any CPU.Build.0 = Debug|Any CPU
		{3A4B356B-719A-4DD0-B63A-3446C99610E3}.Release|Any CPU.ActiveCfg = Release|Any CPU
		{3A4B356B-719A-4DD0-B63A-3446C99610E3}.Release|Any CPU.Build.0 = Release|Any CPU
	EndGlobalSection
	GlobalSection(SolutionProperties) = preSolution
		HideSolutionNode = FALSE
	EndGlobalSection
	GlobalSection(NestedProjects) = preSolution
		{4DCEFC2E-FEC1-406A-8AE5-CDD6FBC0B503} = {F592C41D-77FA-4526-B83C-0E7C5F92D168}
		{899609E9-1D77-431B-8B22-DAA710C6E41F} = {1E8A9DB5-FFF8-45BB-A092-2E86F5519B1A}
		{BECF4244-36E6-414F-BEDB-1A8F53CD54CB} = {414D6AB1-07FE-4173-88EF-946110E14B95}
		{5FFD796B-F950-43B1-82F9-36FE15CFDEBF} = {BA9EB8C2-8C70-4987-B240-B7BD2713635E}
		{D6A905B0-AEE8-4C1E-AF09-2DC60F2B087D} = {BA9EB8C2-8C70-4987-B240-B7BD2713635E}
		{66CCA116-9B77-4130-A3BD-4530F9943E54} = {AD931317-4039-4C36-922A-78D450AA0B89}
		{DEC89230-C820-4DA1-BCCE-88D2DDB84777} = {AD931317-4039-4C36-922A-78D450AA0B89}
		{81680C04-BAD3-4832-9F7F-BEEB17E59110} = {BA9EB8C2-8C70-4987-B240-B7BD2713635E}
		{969A4FD0-83EF-4A91-BD31-93B5FCBED929} = {F592C41D-77FA-4526-B83C-0E7C5F92D168}
		{ED3E6623-731A-4F5B-A0DD-221A29764CF9} = {F592C41D-77FA-4526-B83C-0E7C5F92D168}
		{F03975FE-6B61-475D-9F48-BA277A327193} = {2CAE29E0-D7B9-425B-89B4-F993436B7578}
		{A0BC13DC-925D-4808-9C0A-C1FE307EE8B7} = {2CAE29E0-D7B9-425B-89B4-F993436B7578}
		{F0EF51BA-FC9F-4A81-8B95-94DE7B6A3A22} = {B4D1E610-AC61-45DD-841D-F78A07D5166B}
		{C2D43DEB-BAF2-4265-963F-F724C5203403} = {B4D1E610-AC61-45DD-841D-F78A07D5166B}
		{7B87A89B-5592-453A-84F8-4C5FB4D33A7A} = {1E8A9DB5-FFF8-45BB-A092-2E86F5519B1A}
		{DEFD7BB2-8EB8-44E6-8FC4-843A905F3B04} = {1E8A9DB5-FFF8-45BB-A092-2E86F5519B1A}
		{92ECFC6B-CD6A-441B-812B-36C540431DB5} = {2CAE29E0-D7B9-425B-89B4-F993436B7578}
		{116CEF1E-09A4-4A2A-AC1F-776815920D08} = {80F74764-AC13-494A-B61A-95C5A698E3FA}
		{4C584C1E-D385-4157-88A0-80EE15873155} = {B3614DBF-3487-4C17-9765-63CF22B9E87B}
		{3C1A03AA-6657-47F6-9716-A95A6CD080E7} = {B3614DBF-3487-4C17-9765-63CF22B9E87B}
		{D1C9EF46-690E-4AAF-B1A1-6130ECE55326} = {414D6AB1-07FE-4173-88EF-946110E14B95}
		{6D39AEF4-1CF8-4776-9E7C-541F0234A8F5} = {1E8A9DB5-FFF8-45BB-A092-2E86F5519B1A}
		{C95C6B1F-8999-4C73-8358-DAF6FDB5A2EA} = {1E8A9DB5-FFF8-45BB-A092-2E86F5519B1A}
		{F941EB99-A6B8-4501-BCAA-8A552343B8E3} = {BA9EB8C2-8C70-4987-B240-B7BD2713635E}
		{091BDF50-3C6B-4588-A0F5-37822C9330E3} = {BA9EB8C2-8C70-4987-B240-B7BD2713635E}
		{B9315E8E-E722-41CA-9A6F-1043CC12BA15} = {1E8A9DB5-FFF8-45BB-A092-2E86F5519B1A}
		{1799CB82-CEFF-454C-883B-81BB24F89254} = {1E8A9DB5-FFF8-45BB-A092-2E86F5519B1A}
		{07966048-C283-4971-BEFC-131196D8DC28} = {20C8FD32-E851-4ECA-9481-44CD46A53A96}
		{98285F8D-B85E-4CE9-8698-003B25BC92B2} = {20C8FD32-E851-4ECA-9481-44CD46A53A96}
		{EDEA5076-10B6-4446-A97C-62E0C9FD6382} = {1E8A9DB5-FFF8-45BB-A092-2E86F5519B1A}
		{71DBEF38-6A90-4389-8E76-7F6243648D9E} = {BC3D4CB7-0DC3-46DF-9912-872278A6F882}
		{F346C1E0-3527-4D0D-8D88-0CC75174B7A0} = {BC3D4CB7-0DC3-46DF-9912-872278A6F882}
		{8E4D16E1-6AE0-4353-B5BA-76CEC48D5356} = {1E8A9DB5-FFF8-45BB-A092-2E86F5519B1A}
		{3A4B356B-719A-4DD0-B63A-3446C99610E3} = {20C8FD32-E851-4ECA-9481-44CD46A53A96}
	EndGlobalSection
EndGlobal
